
Microsoft Visual Studio Solution File, Format Version 12.00
# Visual Studio 15
VisualStudioVersion = 15.0.27428.2037
MinimumVisualStudioVersion = 10.0.40219.1
Project("{FAE04EC0-301F-11D3-BF4B-00C04F79EFBC}") = "AzureBlobStorage", "AzureBlobStorage\AzureBlobStorage.csproj", "{37ABBF07-8A1F-4D36-9CB7-B7A024E4A262}"
EndProject
Global
	GlobalSection(SolutionConfigurationPlatforms) = preSolution
		Debug|Any CPU = Debug|Any CPU
		Release|Any CPU = Release|Any CPU
	EndGlobalSection
	GlobalSection(ProjectConfigurationPlatforms) = postSolution
		{37ABBF07-8A1F-4D36-9CB7-B7A024E4A262}.Debug|Any CPU.ActiveCfg = Debug|Any CPU
		{37ABBF07-8A1F-4D36-9CB7-B7A024E4A262}.Debug|Any CPU.Build.0 = Debug|Any CPU
		{37ABBF07-8A1F-4D36-9CB7-B7A024E4A262}.Release|Any CPU.ActiveCfg = Release|Any CPU
		{37ABBF07-8A1F-4D36-9CB7-B7A024E4A262}.Release|Any CPU.Build.0 = Release|Any CPU
	EndGlobalSection
	GlobalSection(SolutionProperties) = preSolution
		HideSolutionNode = FALSE
	EndGlobalSection
	GlobalSection(ExtensibilityGlobals) = postSolution
		SolutionGuid = {296576B6-19DD-483C-8A7A-E5C54CE9D30D}
	EndGlobalSection
EndGlobal
